
Microsoft Visual Studio Solution File, Format Version 12.00
# Visual Studio 15
VisualStudioVersion = 15.0.26730.12
MinimumVisualStudioVersion = 10.0.40219.1
Project("{FAE04EC0-301F-11D3-BF4B-00C04F79EFBC}") = "CharacterCountingAndSession", "CharacterCountingAndSession\CharacterCountingAndSession.csproj", "{5EAB910B-09DD-4FD5-BC58-21CC49AFC677}"
EndProject
Global
	GlobalSection(SolutionConfigurationPlatforms) = preSolution
		Debug|Any CPU = Debug|Any CPU
		Release|Any CPU = Release|Any CPU
	EndGlobalSection
	GlobalSection(ProjectConfigurationPlatforms) = postSolution
		{5EAB910B-09DD-4FD5-BC58-21CC49AFC677}.Debug|Any CPU.ActiveCfg = Debug|Any CPU
		{5EAB910B-09DD-4FD5-BC58-21CC49AFC677}.Debug|Any CPU.Build.0 = Debug|Any CPU
		{5EAB910B-09DD-4FD5-BC58-21CC49AFC677}.Release|Any CPU.ActiveCfg = Release|Any CPU
		{5EAB910B-09DD-4FD5-BC58-21CC49AFC677}.Release|Any CPU.Build.0 = Release|Any CPU
	EndGlobalSection
	GlobalSection(SolutionProperties) = preSolution
		HideSolutionNode = FALSE
	EndGlobalSection
	GlobalSection(ExtensibilityGlobals) = postSolution
		SolutionGuid = {D60FA52C-9375-4C25-9218-99ED36273CA5}
	EndGlobalSection
EndGlobal
